
Microsoft Visual Studio Solution File, Format Version 12.00
# Visual Studio Version 16
VisualStudioVersion = 16.0.31205.134
MinimumVisualStudioVersion = 10.0.40219.1
Project("{FAE04EC0-301F-11D3-BF4B-00C04F79EFBC}") = "FlightCoding", "FlightCodingTest\FlightCoding.csproj", "{230ABFAD-F2E7-40EA-BB39-E119FB5475C5}"
EndProject
Project("{FAE04EC0-301F-11D3-BF4B-00C04F79EFBC}") = "FlightCodingTests", "FlightCodingTestTests\FlightCodingTests.csproj", "{199A8835-0514-499A-A513-711CBDA281DF}"
EndProject
Global
	GlobalSection(SolutionConfigurationPlatforms) = preSolution
		Debug|Any CPU = Debug|Any CPU
		Release|Any CPU = Release|Any CPU
	EndGlobalSection
	GlobalSection(ProjectConfigurationPlatforms) = postSolution
		{230ABFAD-F2E7-40EA-BB39-E119FB5475C5}.Debug|Any CPU.ActiveCfg = Debug|Any CPU
		{230ABFAD-F2E7-40EA-BB39-E119FB5475C5}.Debug|Any CPU.Build.0 = Debug|Any CPU
		{230ABFAD-F2E7-40EA-BB39-E119FB5475C5}.Release|Any CPU.ActiveCfg = Release|Any CPU
		{230ABFAD-F2E7-40EA-BB39-E119FB5475C5}.Release|Any CPU.Build.0 = Release|Any CPU
		{199A8835-0514-499A-A513-711CBDA281DF}.Debug|Any CPU.ActiveCfg = Debug|Any CPU
		{199A8835-0514-499A-A513-711CBDA281DF}.Debug|Any CPU.Build.0 = Debug|Any CPU
		{199A8835-0514-499A-A513-711CBDA281DF}.Release|Any CPU.ActiveCfg = Release|Any CPU
		{199A8835-0514-499A-A513-711CBDA281DF}.Release|Any CPU.Build.0 = Release|Any CPU
	EndGlobalSection
	GlobalSection(SolutionProperties) = preSolution
		HideSolutionNode = FALSE
	EndGlobalSection
	GlobalSection(ExtensibilityGlobals) = postSolution
		SolutionGuid = {D28E321E-4C2C-452B-9863-2A05F1F97723}
	EndGlobalSection
EndGlobal
